PODS:
  - boost (1.76.0)
  - DoubleConversion (1.1.6)
  - FBLazyVector (0.71.23)
  - FBReactNativeSpec (0.71.23):
    - RCT-Folly (= 2021.07.22.00)
    - RCTRequired (= 0.71.23)
    - RCTTypeSafety (= 0.71.23)
    - React-Core (= 0.71.23)
    - React-jsi (= 0.71.23)
    - ReactCommon/turbomodule/core (= 0.71.23)
  - fmt (6.2.1)
  - glog (0.3.5)
  - RCT-Folly (2021.07.22.00):
    - boost
    - DoubleConversion
    - fmt (~> 6.2.1)
    - glog
    - RCT-Folly/Default (= 2021.07.22.00)
  - RCT-Folly/Default (2021.07.22.00):
    - boost
    - DoubleConversion
    - fmt (~> 6.2.1)
    - glog
  - RCTRequired (0.71.23)
  - RCTTypeSafety (0.71.23):
    - FBLazyVector (= 0.71.23)
    - RCTRequired (= 0.71.23)
    - React-Core (= 0.71.23)
  - React (0.71.23):
    - React-Core (= 0.71.23)
    - React-Core/DevSupport (= 0.71.23)
    - React-Core/RCTWebSocket (= 0.71.23)
    - React-RCTActionSheet (= 0.71.23)
    - React-RCTAnimation (= 0.71.23)
    - React-RCTBlob (= 0.71.23)
    - React-RCTImage (= 0.71.23)
    - React-RCTLinking (= 0.71.23)
    - React-RCTNetwork (= 0.71.23)
    - React-RCTSettings (= 0.71.23)
    - React-RCTText (= 0.71.23)
    - React-RCTVibration (= 0.71.23)
  - React-callinvoker (0.71.23)
  - React-Codegen (0.71.23):
    - FBReactNativeSpec
    - RCT-Folly
    - RCTRequired
    - RCTTypeSafety
    - React-Core
    - React-jsc
    - React-jsi
    - React-jsiexecutor
    - ReactCommon/turbomodule/bridging
    - ReactCommon/turbomodule/core
  - React-Core (0.71.23):
    - glog
    - RCT-Folly (= 2021.07.22.00)
    - React-Core/Default (= 0.71.23)
    - React-cxxreact (= 0.71.23)
    - React-jsc
    - React-jsi (= 0.71.23)
    - React-jsiexecutor (= 0.71.23)
    - React-perflogger (= 0.71.23)
    - SocketRocket (= 0.6.0)
    - Yoga
  - React-Core/CoreModulesHeaders (0.71.23):
    - glog
    - RCT-Folly (= 2021.07.22.00)
    - React-Core/Default
    - React-cxxreact (= 0.71.23)
    - React-jsc
    - React-jsi (= 0.71.23)
    - React-jsiexecutor (= 0.71.23)
    - React-perflogger (= 0.71.23)
    - SocketRocket (= 0.6.0)
    - Yoga
  - React-Core/Default (0.71.23):
    - glog
    - RCT-Folly (= 2021.07.22.00)
    - React-cxxreact (= 0.71.23)
    - React-jsc
    - React-jsi (= 0.71.23)
    - React-jsiexecutor (= 0.71.23)
    - React-perflogger (= 0.71.23)
    - SocketRocket (= 0.6.0)
    - Yoga
  - React-Core/DevSupport (0.71.23):
    - glog
    - RCT-Folly (= 2021.07.22.00)
    - React-Core/Default (= 0.71.23)
    - React-Core/RCTWebSocket (= 0.71.23)
    - React-cxxreact (= 0.71.23)
    - React-jsc
    - React-jsi (= 0.71.23)
    - React-jsiexecutor (= 0.71.23)
    - React-jsinspector (= 0.71.23)
    - React-perflogger (= 0.71.23)
    - SocketRocket (= 0.6.0)
    - Yoga
  - React-Core/RCTActionSheetHeaders (0.71.23):
    - glog
    - RCT-Folly (= 2021.07.22.00)
    - React-Core/Default
    - React-cxxreact (= 0.71.23)
    - React-jsc
    - React-jsi (= 0.71.23)
    - React-jsiexecutor (= 0.71.23)
    - React-perflogger (= 0.71.23)
    - SocketRocket (= 0.6.0)
    - Yoga
  - React-Core/RCTAnimationHeaders (0.71.23):
    - glog
    - RCT-Folly (= 2021.07.22.00)
    - React-Core/Default
    - React-cxxreact (= 0.71.23)
    - React-jsc
    - React-jsi (= 0.71.23)
    - React-jsiexecutor (= 0.71.23)
    - React-perflogger (= 0.71.23)
    - SocketRocket (= 0.6.0)
    - Yoga
  - React-Core/RCTBlobHeaders (0.71.23):
    - glog
    - RCT-Folly (= 2021.07.22.00)
    - React-Core/Default
    - React-cxxreact (= 0.71.23)
    - React-jsc
    - React-jsi (= 0.71.23)
    - React-jsiexecutor (= 0.71.23)
    - React-perflogger (= 0.71.23)
    - SocketRocket (= 0.6.0)
    - Yoga
  - React-Core/RCTImageHeaders (0.71.23):
    - glog
    - RCT-Folly (= 2021.07.22.00)
    - React-Core/Default
    - React-cxxreact (= 0.71.23)
    - React-jsc
    - React-jsi (= 0.71.23)
    - React-jsiexecutor (= 0.71.23)
    - React-perflogger (= 0.71.23)
    - SocketRocket (= 0.6.0)
    - Yoga
  - React-Core/RCTLinkingHeaders (0.71.23):
    - glog
    - RCT-Folly (= 2021.07.22.00)
    - React-Core/Default
    - React-cxxreact (= 0.71.23)
    - React-jsc
    - React-jsi (= 0.71.23)
    - React-jsiexecutor (= 0.71.23)
    - React-perflogger (= 0.71.23)
    - SocketRocket (= 0.6.0)
    - Yoga
  - React-Core/RCTNetworkHeaders (0.71.23):
    - glog
    - RCT-Folly (= 2021.07.22.00)
    - React-Core/Default
    - React-cxxreact (= 0.71.23)
    - React-jsc
    - React-jsi (= 0.71.23)
    - React-jsiexecutor (= 0.71.23)
    - React-perflogger (= 0.71.23)
    - SocketRocket (= 0.6.0)
    - Yoga
  - React-Core/RCTSettingsHeaders (0.71.23):
    - glog
    - RCT-Folly (= 2021.07.22.00)
    - React-Core/Default
    - React-cxxreact (= 0.71.23)
    - React-jsc
    - React-jsi (= 0.71.23)
    - React-jsiexecutor (= 0.71.23)
    - React-perflogger (= 0.71.23)
    - SocketRocket (= 0.6.0)
    - Yoga
  - React-Core/RCTTextHeaders (0.71.23):
    - glog
    - RCT-Folly (= 2021.07.22.00)
    - React-Core/Default
    - React-cxxreact (= 0.71.23)
    - React-jsc
    - React-jsi (= 0.71.23)
    - React-jsiexecutor (= 0.71.23)
    - React-perflogger (= 0.71.23)
    - SocketRocket (= 0.6.0)
    - Yoga
  - React-Core/RCTVibrationHeaders (0.71.23):
    - glog
    - RCT-Folly (= 2021.07.22.00)
    - React-Core/Default
    - React-cxxreact (= 0.71.23)
    - React-jsc
    - React-jsi (= 0.71.23)
    - React-jsiexecutor (= 0.71.23)
    - React-perflogger (= 0.71.23)
    - SocketRocket (= 0.6.0)
    - Yoga
  - React-Core/RCTWebSocket (0.71.23):
    - glog
    - RCT-Folly (= 2021.07.22.00)
    - React-Core/Default (= 0.71.23)
    - React-cxxreact (= 0.71.23)
    - React-jsc
    - React-jsi (= 0.71.23)
    - React-jsiexecutor (= 0.71.23)
    - React-perflogger (= 0.71.23)
    - SocketRocket (= 0.6.0)
    - Yoga
  - React-CoreModules (0.71.23):
    - RCT-Folly (= 2021.07.22.00)
    - RCTTypeSafety (= 0.71.23)
    - React-Codegen (= 0.71.23)
    - React-Core/CoreModulesHeaders (= 0.71.23)
    - React-jsi (= 0.71.23)
    - React-RCTBlob
    - React-RCTImage (= 0.71.23)
    - ReactCommon/turbomodule/core (= 0.71.23)
    - SocketRocket (= 0.6.0)
  - React-cxxreact (0.71.23):
    - boost (= 1.76.0)
    - DoubleConversion
    - glog
    - RCT-Folly (= 2021.07.22.00)
    - React-callinvoker (= 0.71.23)
    - React-jsi (= 0.71.23)
    - React-jsinspector (= 0.71.23)
    - React-logger (= 0.71.23)
    - React-perflogger (= 0.71.23)
    - React-runtimeexecutor (= 0.71.23)
  - React-jsc (0.71.23):
    - React-jsc/Fabric (= 0.71.23)
    - React-jsi (= 0.71.23)
  - React-jsc/Fabric (0.71.23):
    - React-jsi (= 0.71.23)
  - React-jsi (0.71.23):
    - boost (= 1.76.0)
    - DoubleConversion
    - glog
    - RCT-Folly (= 2021.07.22.00)
  - React-jsiexecutor (0.71.23):
    - DoubleConversion
    - glog
    - RCT-Folly (= 2021.07.22.00)
    - React-cxxreact (= 0.71.23)
    - React-jsi (= 0.71.23)
    - React-perflogger (= 0.71.23)
  - React-jsinspector (0.71.23)
  - React-logger (0.71.23):
    - glog
  - react-native-sqlite-2 (3.6.2):
    - React-Core
  - React-perflogger (0.71.23)
  - React-RCTActionSheet (0.71.23):
    - React-Core/RCTActionSheetHeaders (= 0.71.23)
  - React-RCTAnimation (0.71.23):
    - RCT-Folly (= 2021.07.22.00)
    - RCTTypeSafety (= 0.71.23)
    - React-Codegen (= 0.71.23)
    - React-Core/RCTAnimationHeaders (= 0.71.23)
    - React-jsi (= 0.71.23)
    - ReactCommon/turbomodule/core (= 0.71.23)
  - React-RCTAppDelegate (0.71.23):
    - RCT-Folly
    - RCTRequired
    - RCTTypeSafety
    - React-Core
    - ReactCommon/turbomodule/core
  - React-RCTBlob (0.71.23):
    - RCT-Folly (= 2021.07.22.00)
    - React-Codegen (= 0.71.23)
    - React-Core/RCTBlobHeaders (= 0.71.23)
    - React-Core/RCTWebSocket (= 0.71.23)
    - React-jsi (= 0.71.23)
    - React-RCTNetwork (= 0.71.23)
    - ReactCommon/turbomodule/core (= 0.71.23)
  - React-RCTImage (0.71.23):
    - RCT-Folly (= 2021.07.22.00)
    - RCTTypeSafety (= 0.71.23)
    - React-Codegen (= 0.71.23)
    - React-Core/RCTImageHeaders (= 0.71.23)
    - React-jsi (= 0.71.23)
    - React-RCTNetwork (= 0.71.23)
    - ReactCommon/turbomodule/core (= 0.71.23)
  - React-RCTLinking (0.71.23):
    - React-Codegen (= 0.71.23)
    - React-Core/RCTLinkingHeaders (= 0.71.23)
    - React-jsi (= 0.71.23)
    - ReactCommon/turbomodule/core (= 0.71.23)
  - React-RCTNetwork (0.71.23):
    - RCT-Folly (= 2021.07.22.00)
    - RCTTypeSafety (= 0.71.23)
    - React-Codegen (= 0.71.23)
    - React-Core/RCTNetworkHeaders (= 0.71.23)
    - React-jsi (= 0.71.23)
    - ReactCommon/turbomodule/core (= 0.71.23)
  - React-RCTSettings (0.71.23):
    - RCT-Folly (= 2021.07.22.00)
    - RCTTypeSafety (= 0.71.23)
    - React-Codegen (= 0.71.23)
    - React-Core/RCTSettingsHeaders (= 0.71.23)
    - React-jsi (= 0.71.23)
    - ReactCommon/turbomodule/core (= 0.71.23)
  - React-RCTText (0.71.23):
    - React-Core/RCTTextHeaders (= 0.71.23)
  - React-RCTVibration (0.71.23):
    - RCT-Folly (= 2021.07.22.00)
    - React-Codegen (= 0.71.23)
    - React-Core/RCTVibrationHeaders (= 0.71.23)
    - React-jsi (= 0.71.23)
    - ReactCommon/turbomodule/core (= 0.71.23)
  - React-runtimeexecutor (0.71.23):
    - React-jsi (= 0.71.23)
  - ReactCommon/turbomodule/bridging (0.71.23):
    - DoubleConversion
    - glog
    - RCT-Folly (= 2021.07.22.00)
    - React-callinvoker (= 0.71.23)
    - React-Core (= 0.71.23)
    - React-cxxreact (= 0.71.23)
    - React-jsi (= 0.71.23)
    - React-logger (= 0.71.23)
    - React-perflogger (= 0.71.23)
  - ReactCommon/turbomodule/core (0.71.23):
    - DoubleConversion
    - glog
    - RCT-Folly (= 2021.07.22.00)
    - React-callinvoker (= 0.71.23)
    - React-Core (= 0.71.23)
    - React-cxxreact (= 0.71.23)
    - React-jsi (= 0.71.23)
    - React-logger (= 0.71.23)
    - React-perflogger (= 0.71.23)
  - SocketRocket (0.6.0)
  - Yoga (1.14.0)

DEPENDENCIES:
  - boost (from `../node_modules/react-native-macos/third-party-podspecs/boost.podspec`)
  - DoubleConversion (from `../node_modules/react-native-macos/third-party-podspecs/DoubleConversion.podspec`)
  - FBLazyVector (from `../node_modules/react-native-macos/Libraries/FBLazyVector`)
  - FBReactNativeSpec (from `../node_modules/react-native-macos/React/FBReactNativeSpec`)
  - glog (from `../node_modules/react-native-macos/third-party-podspecs/glog.podspec`)
  - RCT-Folly (from `../node_modules/react-native-macos/third-party-podspecs/RCT-Folly.podspec`)
  - RCTRequired (from `../node_modules/react-native-macos/Libraries/RCTRequired`)
  - RCTTypeSafety (from `../node_modules/react-native-macos/Libraries/TypeSafety`)
  - React (from `../node_modules/react-native-macos/`)
  - React-callinvoker (from `../node_modules/react-native-macos/ReactCommon/callinvoker`)
  - React-Codegen (from `build/generated/ios`)
  - React-Core (from `../node_modules/react-native-macos/`)
  - React-Core/RCTWebSocket (from `../node_modules/react-native-macos/`)
  - React-CoreModules (from `../node_modules/react-native-macos/React/CoreModules`)
  - React-cxxreact (from `../node_modules/react-native-macos/ReactCommon/cxxreact`)
  - React-jsc (from `../node_modules/react-native-macos/ReactCommon/jsc`)
  - React-jsi (from `../node_modules/react-native-macos/ReactCommon/jsi`)
  - React-jsiexecutor (from `../node_modules/react-native-macos/ReactCommon/jsiexecutor`)
  - React-jsinspector (from `../node_modules/react-native-macos/ReactCommon/jsinspector`)
  - React-logger (from `../node_modules/react-native-macos/ReactCommon/logger`)
  - react-native-sqlite-2 (from `../node_modules/react-native-sqlite-2`)
  - React-perflogger (from `../node_modules/react-native-macos/ReactCommon/reactperflogger`)
  - React-RCTActionSheet (from `../node_modules/react-native-macos/Libraries/ActionSheetIOS`)
  - React-RCTAnimation (from `../node_modules/react-native-macos/Libraries/NativeAnimation`)
  - React-RCTAppDelegate (from `../node_modules/react-native-macos/Libraries/AppDelegate`)
  - React-RCTBlob (from `../node_modules/react-native-macos/Libraries/Blob`)
  - React-RCTImage (from `../node_modules/react-native-macos/Libraries/Image`)
  - React-RCTLinking (from `../node_modules/react-native-macos/Libraries/LinkingIOS`)
  - React-RCTNetwork (from `../node_modules/react-native-macos/Libraries/Network`)
  - React-RCTSettings (from `../node_modules/react-native-macos/Libraries/Settings`)
  - React-RCTText (from `../node_modules/react-native-macos/Libraries/Text`)
  - React-RCTVibration (from `../node_modules/react-native-macos/Libraries/Vibration`)
  - React-runtimeexecutor (from `../node_modules/react-native-macos/ReactCommon/runtimeexecutor`)
  - ReactCommon/turbomodule/core (from `../node_modules/react-native-macos/ReactCommon`)
  - Yoga (from `../node_modules/react-native-macos/ReactCommon/yoga`)

SPEC REPOS:
  trunk:
    - fmt
    - SocketRocket

EXTERNAL SOURCES:
  boost:
    :podspec: "../node_modules/react-native-macos/third-party-podspecs/boost.podspec"
  DoubleConversion:
    :podspec: "../node_modules/react-native-macos/third-party-podspecs/DoubleConversion.podspec"
  FBLazyVector:
    :path: "../node_modules/react-native-macos/Libraries/FBLazyVector"
  FBReactNativeSpec:
    :path: "../node_modules/react-native-macos/React/FBReactNativeSpec"
  glog:
    :podspec: "../node_modules/react-native-macos/third-party-podspecs/glog.podspec"
  RCT-Folly:
    :podspec: "../node_modules/react-native-macos/third-party-podspecs/RCT-Folly.podspec"
  RCTRequired:
    :path: "../node_modules/react-native-macos/Libraries/RCTRequired"
  RCTTypeSafety:
    :path: "../node_modules/react-native-macos/Libraries/TypeSafety"
  React:
    :path: "../node_modules/react-native-macos/"
  React-callinvoker:
    :path: "../node_modules/react-native-macos/ReactCommon/callinvoker"
  React-Codegen:
    :path: build/generated/ios
  React-Core:
    :path: "../node_modules/react-native-macos/"
  React-CoreModules:
    :path: "../node_modules/react-native-macos/React/CoreModules"
  React-cxxreact:
    :path: "../node_modules/react-native-macos/ReactCommon/cxxreact"
  React-jsc:
    :path: "../node_modules/react-native-macos/ReactCommon/jsc"
  React-jsi:
    :path: "../node_modules/react-native-macos/ReactCommon/jsi"
  React-jsiexecutor:
    :path: "../node_modules/react-native-macos/ReactCommon/jsiexecutor"
  React-jsinspector:
    :path: "../node_modules/react-native-macos/ReactCommon/jsinspector"
  React-logger:
    :path: "../node_modules/react-native-macos/ReactCommon/logger"
  react-native-sqlite-2:
    :path: "../node_modules/react-native-sqlite-2"
  React-perflogger:
    :path: "../node_modules/react-native-macos/ReactCommon/reactperflogger"
  React-RCTActionSheet:
    :path: "../node_modules/react-native-macos/Libraries/ActionSheetIOS"
  React-RCTAnimation:
    :path: "../node_modules/react-native-macos/Libraries/NativeAnimation"
  React-RCTAppDelegate:
    :path: "../node_modules/react-native-macos/Libraries/AppDelegate"
  React-RCTBlob:
    :path: "../node_modules/react-native-macos/Libraries/Blob"
  React-RCTImage:
    :path: "../node_modules/react-native-macos/Libraries/Image"
  React-RCTLinking:
    :path: "../node_modules/react-native-macos/Libraries/LinkingIOS"
  React-RCTNetwork:
    :path: "../node_modules/react-native-macos/Libraries/Network"
  React-RCTSettings:
    :path: "../node_modules/react-native-macos/Libraries/Settings"
  React-RCTText:
    :path: "../node_modules/react-native-macos/Libraries/Text"
  React-RCTVibration:
    :path: "../node_modules/react-native-macos/Libraries/Vibration"
  React-runtimeexecutor:
    :path: "../node_modules/react-native-macos/ReactCommon/runtimeexecutor"
  ReactCommon:
    :path: "../node_modules/react-native-macos/ReactCommon"
  Yoga:
    :path: "../node_modules/react-native-macos/ReactCommon/yoga"

SPEC CHECKSUMS:
  boost: 8fa3cd00fa17ef6c3221e5fd283fa93e81d23017
  DoubleConversion: acaf5db79676d2e9119015819153f0f99191de12
  FBLazyVector: a5dd8f65eb214834d6ab0594a019e7c740a6f4e9
  FBReactNativeSpec: 08d4d16d885e66b046397c584295fec1af33af2b
  fmt: ff9d55029c625d3757ed641535fd4a75fedc7ce9
  glog: 6df0a3d6e2750a50609471fd1a01fd2948d405b5
  RCT-Folly: bf7b4921a91932051ebf1c5c2d297154b1fa3c8c
  RCTRequired: cebafbf73ec03f08e0374e79dcab06980554f155
  RCTTypeSafety: 96d075a69b4ef553c41faee6f36508f054b7fe3c
  React: ca0e162398763a9e55f662601c6fca2c6cd6f9dd
  React-callinvoker: e62d72e072f4ae692d6c3839b758130fc91d9306
  React-Codegen: 468fe237876343a0dd4f0dabe4a3c70e2a40037b
  React-Core: 33f02588bd81bb460afa11240a8082275a93292f
  React-CoreModules: f4ba9cf006b7889c25b15cfd87d375621383e3de
  React-cxxreact: 3807146ba7bd3f361bff0983c389d2df0fe5e241
  React-jsc: 1e31ebdd771556e82d233ad80f55608b26155f1a
  React-jsi: 8e2b7cdc1d015234dabb3c9aacfdbd58cc683254
  React-jsiexecutor: bcc845ab7c79102da5b5d58f0a01931996bd4bbf
  React-jsinspector: 3d9f98ddcb2c861126f05c827754f9ce40a38050
  React-logger: 294f06dac218562214f4990a3a69efd03731a807
  react-native-sqlite-2: 21c4a9d439e92193a8712c68492731c014671b53
  React-perflogger: bdf8219f93df00c44a78d69e7885eaa846c51321
  React-RCTActionSheet: e158091dd59419f5b07a82009e8273a8de683527
  React-RCTAnimation: 78de017c13a5a451f0c4424dcdef66a4b37d1c99
  React-RCTAppDelegate: 1117fc79e731ec1e44f7172637ba282aa5afff25
  React-RCTBlob: b0a9451a661dd5a630a99133967823822f8cb733
  React-RCTImage: f18185b6c2656da4acdfba139ece934ad6564836
  React-RCTLinking: 1897e12df75faeb8b7ef943fc55287fddf697da5
  React-RCTNetwork: cc4b4b5c83d62c9874a5c0dd55dff721616cd4eb
  React-RCTSettings: 156433f8176f2c0673dd925d7c030e63ce055731
  React-RCTText: 249786212d68a18bd70e946812dce4c4c4ada43f
  React-RCTVibration: 8254df9fe36c5aee7a7e079abdbfb698809ffaaa
  React-runtimeexecutor: f72ff5fa723368a20fbe91d69b173bc0971a4ded
  ReactCommon: 73ad257193eb50c617492d008aedd79bac9b0e7a
  SocketRocket: fccef3f9c5cedea1353a9ef6ada904fde10d6608
  Yoga: 77731d4812d3097deb74e35d2df3835699b59523

PODFILE CHECKSUM: 7498abf6404336ed3ba5e7d02a9234e84861baeb

COCOAPODS: 1.12.1
